
Microsoft Visual Studio Solution File, Format Version 12.00
# Visual Studio Version 17
VisualStudioVersion = 17.14.36915.13 d17.14
MinimumVisualStudioVersion = 10.0.40219.1
Project("{FAE04EC0-301F-11D3-BF4B-00C04F79EFBC}") = "Ass-Adv-2", "Ass-Adv-2\Ass-Adv-2.csproj", "{1904A5D0-75E2-4519-8152-5760DEA9BB17}"
EndProject
Global
	GlobalSection(SolutionConfigurationPlatforms) = preSolution
		Debug|Any CPU = Debug|Any CPU
		Release|Any CPU = Release|Any CPU
	EndGlobalSection
	GlobalSection(ProjectConfigurationPlatforms) = postSolution
		{1904A5D0-75E2-4519-8152-5760DEA9BB17}.Debug|Any CPU.ActiveCfg = Debug|Any CPU
		{1904A5D0-75E2-4519-8152-5760DEA9BB17}.Debug|Any CPU.Build.0 = Debug|Any CPU
		{1904A5D0-75E2-4519-8152-5760DEA9BB17}.Release|Any CPU.ActiveCfg = Release|Any CPU
		{1904A5D0-75E2-4519-8152-5760DEA9BB17}.Release|Any CPU.Build.0 = Release|Any CPU
	EndGlobalSection
	GlobalSection(SolutionProperties) = preSolution
		HideSolutionNode = FALSE
	EndGlobalSection
	GlobalSection(ExtensibilityGlobals) = postSolution
		SolutionGuid = {DB8F48A3-F5D5-4868-A626-24AB21606E92}
	EndGlobalSection
EndGlobal
