
Microsoft Visual Studio Solution File, Format Version 12.00
# Visual Studio Version 17
VisualStudioVersion = 17.14.36915.13
MinimumVisualStudioVersion = 10.0.40219.1
Project("{FAE04EC0-301F-11D3-BF4B-00C04F79EFBC}") = "MovieTicket", "MovieTicket\MovieTicket.csproj", "{97871F6C-A157-475F-843E-BC244057D5FD}"
EndProject
Global
	GlobalSection(SolutionConfigurationPlatforms) = preSolution
		Debug|Any CPU = Debug|Any CPU
		Release|Any CPU = Release|Any CPU
	EndGlobalSection
	GlobalSection(ProjectConfigurationPlatforms) = postSolution
		{97871F6C-A157-475F-843E-BC244057D5FD}.Debug|Any CPU.ActiveCfg = Debug|Any CPU
		{97871F6C-A157-475F-843E-BC244057D5FD}.Debug|Any CPU.Build.0 = Debug|Any CPU
		{97871F6C-A157-475F-843E-BC244057D5FD}.Release|Any CPU.ActiveCfg = Release|Any CPU
		{97871F6C-A157-475F-843E-BC244057D5FD}.Release|Any CPU.Build.0 = Release|Any CPU
	EndGlobalSection
	GlobalSection(SolutionProperties) = preSolution
		HideSolutionNode = FALSE
	EndGlobalSection
	GlobalSection(ExtensibilityGlobals) = postSolution
		SolutionGuid = {43B8F337-2AC6-4B43-99B7-BD065F611DC7}
	EndGlobalSection
EndGlobal
