
Microsoft Visual Studio Solution File, Format Version 12.00
# Visual Studio Version 17
VisualStudioVersion = 17.14.36915.13 d17.14
MinimumVisualStudioVersion = 10.0.40219.1
Project("{FAE04EC0-301F-11D3-BF4B-00C04F79EFBC}") = "LINQ-2", "LINQ-2\LINQ-2.csproj", "{06A2D7C4-CEE8-465B-AC66-333CE172765E}"
EndProject
Global
	GlobalSection(SolutionConfigurationPlatforms) = preSolution
		Debug|Any CPU = Debug|Any CPU
		Release|Any CPU = Release|Any CPU
	EndGlobalSection
	GlobalSection(ProjectConfigurationPlatforms) = postSolution
		{06A2D7C4-CEE8-465B-AC66-333CE172765E}.Debug|Any CPU.ActiveCfg = Debug|Any CPU
		{06A2D7C4-CEE8-465B-AC66-333CE172765E}.Debug|Any CPU.Build.0 = Debug|Any CPU
		{06A2D7C4-CEE8-465B-AC66-333CE172765E}.Release|Any CPU.ActiveCfg = Release|Any CPU
		{06A2D7C4-CEE8-465B-AC66-333CE172765E}.Release|Any CPU.Build.0 = Release|Any CPU
	EndGlobalSection
	GlobalSection(SolutionProperties) = preSolution
		HideSolutionNode = FALSE
	EndGlobalSection
	GlobalSection(ExtensibilityGlobals) = postSolution
		SolutionGuid = {C4542793-42CC-4D85-8EF8-B342757C60DE}
	EndGlobalSection
EndGlobal
