
Microsoft Visual Studio Solution File, Format Version 12.00
# Visual Studio Version 17
VisualStudioVersion = 17.14.36915.13 d17.14
MinimumVisualStudioVersion = 10.0.40219.1
Project("{FAE04EC0-301F-11D3-BF4B-00C04F79EFBC}") = "Assignment-oop-05", "Assignment-oop-05\Assignment-oop-05.csproj", "{489B6964-36B6-4D27-955B-DDAB10BDD761}"
EndProject
Global
	GlobalSection(SolutionConfigurationPlatforms) = preSolution
		Debug|Any CPU = Debug|Any CPU
		Release|Any CPU = Release|Any CPU
	EndGlobalSection
	GlobalSection(ProjectConfigurationPlatforms) = postSolution
		{489B6964-36B6-4D27-955B-DDAB10BDD761}.Debug|Any CPU.ActiveCfg = Debug|Any CPU
		{489B6964-36B6-4D27-955B-DDAB10BDD761}.Debug|Any CPU.Build.0 = Debug|Any CPU
		{489B6964-36B6-4D27-955B-DDAB10BDD761}.Release|Any CPU.ActiveCfg = Release|Any CPU
		{489B6964-36B6-4D27-955B-DDAB10BDD761}.Release|Any CPU.Build.0 = Release|Any CPU
	EndGlobalSection
	GlobalSection(SolutionProperties) = preSolution
		HideSolutionNode = FALSE
	EndGlobalSection
	GlobalSection(ExtensibilityGlobals) = postSolution
		SolutionGuid = {E164C60F-D73F-4318-9477-B2111DE1A6FC}
	EndGlobalSection
EndGlobal
