
Microsoft Visual Studio Solution File, Format Version 12.00
# Visual Studio Version 17
VisualStudioVersion = 17.14.36915.13 d17.14
MinimumVisualStudioVersion = 10.0.40219.1
Project("{FAE04EC0-301F-11D3-BF4B-00C04F79EFBC}") = "Assignment-oop-06", "Assignment-oop-06\Assignment-oop-06.csproj", "{CE92B060-2E97-424F-A74C-BEF77F20735E}"
EndProject
Global
	GlobalSection(SolutionConfigurationPlatforms) = preSolution
		Debug|Any CPU = Debug|Any CPU
		Release|Any CPU = Release|Any CPU
	EndGlobalSection
	GlobalSection(ProjectConfigurationPlatforms) = postSolution
		{CE92B060-2E97-424F-A74C-BEF77F20735E}.Debug|Any CPU.ActiveCfg = Debug|Any CPU
		{CE92B060-2E97-424F-A74C-BEF77F20735E}.Debug|Any CPU.Build.0 = Debug|Any CPU
		{CE92B060-2E97-424F-A74C-BEF77F20735E}.Release|Any CPU.ActiveCfg = Release|Any CPU
		{CE92B060-2E97-424F-A74C-BEF77F20735E}.Release|Any CPU.Build.0 = Release|Any CPU
	EndGlobalSection
	GlobalSection(SolutionProperties) = preSolution
		HideSolutionNode = FALSE
	EndGlobalSection
	GlobalSection(ExtensibilityGlobals) = postSolution
		SolutionGuid = {0B319BAF-97B7-4600-ABE5-8309551ACF34}
	EndGlobalSection
EndGlobal
