
Microsoft Visual Studio Solution File, Format Version 12.00
# Visual Studio Version 17
VisualStudioVersion = 17.14.36915.13 d17.14
MinimumVisualStudioVersion = 10.0.40219.1
Project("{FAE04EC0-301F-11D3-BF4B-00C04F79EFBC}") = "LINQ-1", "LINQ-1\LINQ-1.csproj", "{30B1B267-4A21-44B7-98C8-42E1336973EF}"
EndProject
Global
	GlobalSection(SolutionConfigurationPlatforms) = preSolution
		Debug|Any CPU = Debug|Any CPU
		Release|Any CPU = Release|Any CPU
	EndGlobalSection
	GlobalSection(ProjectConfigurationPlatforms) = postSolution
		{30B1B267-4A21-44B7-98C8-42E1336973EF}.Debug|Any CPU.ActiveCfg = Debug|Any CPU
		{30B1B267-4A21-44B7-98C8-42E1336973EF}.Debug|Any CPU.Build.0 = Debug|Any CPU
		{30B1B267-4A21-44B7-98C8-42E1336973EF}.Release|Any CPU.ActiveCfg = Release|Any CPU
		{30B1B267-4A21-44B7-98C8-42E1336973EF}.Release|Any CPU.Build.0 = Release|Any CPU
	EndGlobalSection
	GlobalSection(SolutionProperties) = preSolution
		HideSolutionNode = FALSE
	EndGlobalSection
	GlobalSection(ExtensibilityGlobals) = postSolution
		SolutionGuid = {8ADABD98-96D9-49EC-96D5-01BB83345550}
	EndGlobalSection
EndGlobal
