
Microsoft Visual Studio Solution File, Format Version 12.00
# Visual Studio Version 17
VisualStudioVersion = 17.14.36915.13 d17.14
MinimumVisualStudioVersion = 10.0.40219.1
Project("{FAE04EC0-301F-11D3-BF4B-00C04F79EFBC}") = "Assignemt_03", "Assignemt_03\Assignemt_03.csproj", "{27FCA883-F533-443D-A015-B51CAFD89896}"
EndProject
Global
	GlobalSection(SolutionConfigurationPlatforms) = preSolution
		Debug|Any CPU = Debug|Any CPU
		Release|Any CPU = Release|Any CPU
	EndGlobalSection
	GlobalSection(ProjectConfigurationPlatforms) = postSolution
		{27FCA883-F533-443D-A015-B51CAFD89896}.Debug|Any CPU.ActiveCfg = Debug|Any CPU
		{27FCA883-F533-443D-A015-B51CAFD89896}.Debug|Any CPU.Build.0 = Debug|Any CPU
		{27FCA883-F533-443D-A015-B51CAFD89896}.Release|Any CPU.ActiveCfg = Release|Any CPU
		{27FCA883-F533-443D-A015-B51CAFD89896}.Release|Any CPU.Build.0 = Release|Any CPU
	EndGlobalSection
	GlobalSection(SolutionProperties) = preSolution
		HideSolutionNode = FALSE
	EndGlobalSection
	GlobalSection(ExtensibilityGlobals) = postSolution
		SolutionGuid = {2669C5E8-2766-48E8-A7B2-355A56BC378A}
	EndGlobalSection
EndGlobal
