
Microsoft Visual Studio Solution File, Format Version 12.00
# Visual Studio Version 17
VisualStudioVersion = 17.14.36915.13 d17.14
MinimumVisualStudioVersion = 10.0.40219.1
Project("{FAE04EC0-301F-11D3-BF4B-00C04F79EFBC}") = "EventHub", "EventHub\EventHub.csproj", "{080D6C3F-C45B-4D69-90B5-AF4D785ADA48}"
EndProject
Global
	GlobalSection(SolutionConfigurationPlatforms) = preSolution
		Debug|Any CPU = Debug|Any CPU
		Release|Any CPU = Release|Any CPU
	EndGlobalSection
	GlobalSection(ProjectConfigurationPlatforms) = postSolution
		{080D6C3F-C45B-4D69-90B5-AF4D785ADA48}.Debug|Any CPU.ActiveCfg = Debug|Any CPU
		{080D6C3F-C45B-4D69-90B5-AF4D785ADA48}.Debug|Any CPU.Build.0 = Debug|Any CPU
		{080D6C3F-C45B-4D69-90B5-AF4D785ADA48}.Release|Any CPU.ActiveCfg = Release|Any CPU
		{080D6C3F-C45B-4D69-90B5-AF4D785ADA48}.Release|Any CPU.Build.0 = Release|Any CPU
	EndGlobalSection
	GlobalSection(SolutionProperties) = preSolution
		HideSolutionNode = FALSE
	EndGlobalSection
	GlobalSection(ExtensibilityGlobals) = postSolution
		SolutionGuid = {B18E7611-5702-41AB-9AE2-A2200D2E203C}
	EndGlobalSection
EndGlobal
